
Microsoft Visual Studio Solution File, Format Version 12.00
# Visual Studio 15
VisualStudioVersion = 15.0.27130.2027
MinimumVisualStudioVersion = 10.0.40219.1
Project("{FAE04EC0-301F-11D3-BF4B-00C04F79EFBC}") = "KlipViewer", "KlipViewer\KlipViewer.csproj", "{DE017065-D246-4FBD-B313-C87EA2B3D7E9}"
EndProject
Global
	GlobalSection(SolutionConfigurationPlatforms) = preSolution
		Debug|Any CPU = Debug|Any CPU
		Release|Any CPU = Release|Any CPU
	EndGlobalSection
	GlobalSection(ProjectConfigurationPlatforms) = postSolution
		{DE017065-D246-4FBD-B313-C87EA2B3D7E9}.Debug|Any CPU.ActiveCfg = Debug|Any CPU
		{DE017065-D246-4FBD-B313-C87EA2B3D7E9}.Debug|Any CPU.Build.0 = Debug|Any CPU
		{DE017065-D246-4FBD-B313-C87EA2B3D7E9}.Release|Any CPU.ActiveCfg = Release|Any CPU
		{DE017065-D246-4FBD-B313-C87EA2B3D7E9}.Release|Any CPU.Build.0 = Release|Any CPU
	EndGlobalSection
	GlobalSection(SolutionProperties) = preSolution
		HideSolutionNode = FALSE
	EndGlobalSection
	GlobalSection(ExtensibilityGlobals) = postSolution
		SolutionGuid = {8D82BC01-D602-47F5-B85D-F8CD2E1F5DA6}
	EndGlobalSection
EndGlobal
